
Microsoft Visual Studio Solution File, Format Version 12.00
# Visual Studio Version 16
VisualStudioVersion = 16.0.32929.386
MinimumVisualStudioVersion = 10.0.40219.1
Project("{FAE04EC0-301F-11D3-BF4B-00C04F79EFBC}") = "AdoNetDemoExercise", "AdoNetDemoExercise\AdoNetDemoExercise.csproj", "{AC1A222B-BEEE-4EBA-89B1-8DF5F572360D}"
EndProject
Global
	GlobalSection(SolutionConfigurationPlatforms) = preSolution
		Debug|Any CPU = Debug|Any CPU
		Release|Any CPU = Release|Any CPU
	EndGlobalSection
	GlobalSection(ProjectConfigurationPlatforms) = postSolution
		{AC1A222B-BEEE-4EBA-89B1-8DF5F572360D}.Debug|Any CPU.ActiveCfg = Debug|Any CPU
		{AC1A222B-BEEE-4EBA-89B1-8DF5F572360D}.Debug|Any CPU.Build.0 = Debug|Any CPU
		{AC1A222B-BEEE-4EBA-89B1-8DF5F572360D}.Release|Any CPU.ActiveCfg = Release|Any CPU
		{AC1A222B-BEEE-4EBA-89B1-8DF5F572360D}.Release|Any CPU.Build.0 = Release|Any CPU
	EndGlobalSection
	GlobalSection(SolutionProperties) = preSolution
		HideSolutionNode = FALSE
	EndGlobalSection
	GlobalSection(ExtensibilityGlobals) = postSolution
		SolutionGuid = {F3E97DE5-68F5-4894-9E16-5E7CE3582290}
	EndGlobalSection
EndGlobal
